// !$*UTF8*$!
{
	archiveVersion = 1;
	classes = {
	};
	objectVersion = 56;
	objects = {

/* Begin PBXBuildFile section */
		DD0E91F42AF570CE00C993C6 /* MaskBootcamp.swift in Sources */ = {isa = PBXBuildFile; fileRef = DD0E91F32AF570CE00C993C6 /* MaskBootcamp.swift */; };
		DD0E91F62AF574CE00C993C6 /* SoudsBootcamp.swift in Sources */ = {isa = PBXBuildFile; fileRef = DD0E91F52AF574CE00C993C6 /* SoudsBootcamp.swift */; };
		DD0E91F92AF57AA400C993C6 /* ding.mp3 in Resources */ = {isa = PBXBuildFile; fileRef = DD0E91F82AF57AA400C993C6 /* ding.mp3 */; };
		DD0E91FB2AF57AAE00C993C6 /* crumple.mp3 in Resources */ = {isa = PBXBuildFile; fileRef = DD0E91FA2AF57AAE00C993C6 /* crumple.mp3 */; };
		DD0E91FD2AF57ED700C993C6 /* HapticsBootcamp.swift in Sources */ = {isa = PBXBuildFile; fileRef = DD0E91FC2AF57ED700C993C6 /* HapticsBootcamp.swift */; };
		DD3F126C2AF2D5DD00FDA662 /* DragGestureBootcamp.swift in Sources */ = {isa = PBXBuildFile; fileRef = DD3F126B2AF2D5DD00FDA662 /* DragGestureBootcamp.swift */; };
		DD3F126E2AF2DADA00FDA662 /* DragGestureBootcamp2.swift in Sources */ = {isa = PBXBuildFile; fileRef = DD3F126D2AF2DADA00FDA662 /* DragGestureBootcamp2.swift */; };
		DD438A262AFAAD0C001A5615 /* WeakSelfBootcamp.swift in Sources */ = {isa = PBXBuildFile; fileRef = DD438A252AFAAD0C001A5615 /* WeakSelfBootcamp.swift */; };
		DD438A282AFAB520001A5615 /* TypealiasBootcamp.swift in Sources */ = {isa = PBXBuildFile; fileRef = DD438A272AFAB520001A5615 /* TypealiasBootcamp.swift */; };
		DD481A992B03E7620032D486 /* DownloadWithEscapingBootcamp.swift in Sources */ = {isa = PBXBuildFile; fileRef = DD481A982B03E7620032D486 /* DownloadWithEscapingBootcamp.swift */; };
		DD4990542AF182CC00EDCDC1 /* SwiftulThinkingContinuedLearningApp.swift in Sources */ = {isa = PBXBuildFile; fileRef = DD4990532AF182CC00EDCDC1 /* SwiftulThinkingContinuedLearningApp.swift */; };
		DD4990562AF182CC00EDCDC1 /* ContentView.swift in Sources */ = {isa = PBXBuildFile; fileRef = DD4990552AF182CC00EDCDC1 /* ContentView.swift */; };
		DD4990582AF182CD00EDCDC1 /* Assets.xcassets in Resources */ = {isa = PBXBuildFile; fileRef = DD4990572AF182CD00EDCDC1 /* Assets.xcassets */; };
		DD49905B2AF182CD00EDCDC1 /* Preview Assets.xcassets in Resources */ = {isa = PBXBuildFile; fileRef = DD49905A2AF182CD00EDCDC1 /* Preview Assets.xcassets */; };
		DD4990622AF182FD00EDCDC1 /* LongPressGestureBootcamp.swift in Sources */ = {isa = PBXBuildFile; fileRef = DD4990612AF182FD00EDCDC1 /* LongPressGestureBootcamp.swift */; };
		DD4990642AF187B900EDCDC1 /* MagnificationGestureBootcamp.swift in Sources */ = {isa = PBXBuildFile; fileRef = DD4990632AF187B900EDCDC1 /* MagnificationGestureBootcamp.swift */; };
		DD4990662AF18B9100EDCDC1 /* RotationGestureBootcamp.swift in Sources */ = {isa = PBXBuildFile; fileRef = DD4990652AF18B9100EDCDC1 /* RotationGestureBootcamp.swift */; };
		DD4AD57F2AF4192600C3B0AE /* ScrollViewReaderBootcamp.swift in Sources */ = {isa = PBXBuildFile; fileRef = DD4AD57E2AF4192600C3B0AE /* ScrollViewReaderBootcamp.swift */; };
		DD4AD5812AF41EC900C3B0AE /* GeometryReaderBootcamp.swift in Sources */ = {isa = PBXBuildFile; fileRef = DD4AD5802AF41EC900C3B0AE /* GeometryReaderBootcamp.swift */; };
		DD4AD5832AF42E4C00C3B0AE /* MultipleSheetsBootcamp.swift in Sources */ = {isa = PBXBuildFile; fileRef = DD4AD5822AF42E4C00C3B0AE /* MultipleSheetsBootcamp.swift */; };
		DD5032462AF63BE800C42474 /* LocalNotificationsBootcamp.swift in Sources */ = {isa = PBXBuildFile; fileRef = DD5032452AF63BE800C42474 /* LocalNotificationsBootcamp.swift */; };
		DD5032482AF6432700C42474 /* HashableBootcamp.swift in Sources */ = {isa = PBXBuildFile; fileRef = DD5032472AF6432700C42474 /* HashableBootcamp.swift */; };
		DD50324A2AF64A5E00C42474 /* ArraysBootcamp.swift in Sources */ = {isa = PBXBuildFile; fileRef = DD5032492AF64A5E00C42474 /* ArraysBootcamp.swift */; };
		DD50326B2AF6676A00C42474 /* CoreDataBootcamp.swift in Sources */ = {isa = PBXBuildFile; fileRef = DD50326A2AF6676A00C42474 /* CoreDataBootcamp.swift */; };
		DD50326E2AF6686F00C42474 /* FruitsContainer.xcdatamodeld in Sources */ = {isa = PBXBuildFile; fileRef = DD50326C2AF6686F00C42474 /* FruitsContainer.xcdatamodeld */; };
		DD5032702AF66FC000C42474 /* CoreDataRelationshipsBootcamp.swift in Sources */ = {isa = PBXBuildFile; fileRef = DD50326F2AF66FC000C42474 /* CoreDataRelationshipsBootcamp.swift */; };
		DD5032732AF6710500C42474 /* CoreDataContainer.xcdatamodeld in Sources */ = {isa = PBXBuildFile; fileRef = DD5032712AF6710500C42474 /* CoreDataContainer.xcdatamodeld */; };
		DD5032752AF7DB5500C42474 /* BackgorundThreadBootcamp.swift in Sources */ = {isa = PBXBuildFile; fileRef = DD5032742AF7DB5500C42474 /* BackgorundThreadBootcamp.swift */; };
		DDC97F132AFAB7D3000215B2 /* EscapingBootcamp.swift in Sources */ = {isa = PBXBuildFile; fileRef = DDC97F122AFAB7D3000215B2 /* EscapingBootcamp.swift */; };
		DDC97F152AFABE19000215B2 /* CodableBootcamp.swift in Sources */ = {isa = PBXBuildFile; fileRef = DDC97F142AFABE19000215B2 /* CodableBootcamp.swift */; };
/* End PBXBuildFile section */

/* Begin PBXFileReference section */
		DD0E91F32AF570CE00C993C6 /* MaskBootcamp.swift */ = {isa = PBXFileReference; lastKnownFileType = sourcecode.swift; path = MaskBootcamp.swift; sourceTree = "<group>"; };
		DD0E91F52AF574CE00C993C6 /* SoudsBootcamp.swift */ = {isa = PBXFileReference; lastKnownFileType = sourcecode.swift; path = SoudsBootcamp.swift; sourceTree = "<group>"; };
		DD0E91F82AF57AA400C993C6 /* ding.mp3 */ = {isa = PBXFileReference; lastKnownFileType = audio.mp3; path = ding.mp3; sourceTree = "<group>"; };
		DD0E91FA2AF57AAE00C993C6 /* crumple.mp3 */ = {isa = PBXFileReference; lastKnownFileType = audio.mp3; path = crumple.mp3; sourceTree = "<group>"; };
		DD0E91FC2AF57ED700C993C6 /* HapticsBootcamp.swift */ = {isa = PBXFileReference; lastKnownFileType = sourcecode.swift; path = HapticsBootcamp.swift; sourceTree = "<group>"; };
		DD3F126B2AF2D5DD00FDA662 /* DragGestureBootcamp.swift */ = {isa = PBXFileReference; lastKnownFileType = sourcecode.swift; path = DragGestureBootcamp.swift; sourceTree = "<group>"; };
		DD3F126D2AF2DADA00FDA662 /* DragGestureBootcamp2.swift */ = {isa = PBXFileReference; lastKnownFileType = sourcecode.swift; path = DragGestureBootcamp2.swift; sourceTree = "<group>"; };
		DD438A252AFAAD0C001A5615 /* WeakSelfBootcamp.swift */ = {isa = PBXFileReference; lastKnownFileType = sourcecode.swift; path = WeakSelfBootcamp.swift; sourceTree = "<group>"; };
		DD438A272AFAB520001A5615 /* TypealiasBootcamp.swift */ = {isa = PBXFileReference; lastKnownFileType = sourcecode.swift; path = TypealiasBootcamp.swift; sourceTree = "<group>"; };
		DD481A982B03E7620032D486 /* DownloadWithEscapingBootcamp.swift */ = {isa = PBXFileReference; lastKnownFileType = sourcecode.swift; path = DownloadWithEscapingBootcamp.swift; sourceTree = "<group>"; };
		DD4990502AF182CC00EDCDC1 /* SwiftulThinkingContinuedLearning.app */ = {isa = PBXFileReference; explicitFileType = wrapper.application; includeInIndex = 0; path = SwiftulThinkingContinuedLearning.app; sourceTree = BUILT_PRODUCTS_DIR; };
		DD4990532AF182CC00EDCDC1 /* SwiftulThinkingContinuedLearningApp.swift */ = {isa = PBXFileReference; lastKnownFileType = sourcecode.swift; path = SwiftulThinkingContinuedLearningApp.swift; sourceTree = "<group>"; };
		DD4990552AF182CC00EDCDC1 /* ContentView.swift */ = {isa = PBXFileReference; lastKnownFileType = sourcecode.swift; path = ContentView.swift; sourceTree = "<group>"; };
		DD4990572AF182CD00EDCDC1 /* Assets.xcassets */ = {isa = PBXFileReference; lastKnownFileType = folder.assetcatalog; path = Assets.xcassets; sourceTree = "<group>"; };
		DD49905A2AF182CD00EDCDC1 /* Preview Assets.xcassets */ = {isa = PBXFileReference; lastKnownFileType = folder.assetcatalog; path = "Preview Assets.xcassets"; sourceTree = "<group>"; };
		DD4990612AF182FD00EDCDC1 /* LongPressGestureBootcamp.swift */ = {isa = PBXFileReference; lastKnownFileType = sourcecode.swift; path = LongPressGestureBootcamp.swift; sourceTree = "<group>"; };
		DD4990632AF187B900EDCDC1 /* MagnificationGestureBootcamp.swift */ = {isa = PBXFileReference; lastKnownFileType = sourcecode.swift; path = MagnificationGestureBootcamp.swift; sourceTree = "<group>"; };
		DD4990652AF18B9100EDCDC1 /* RotationGestureBootcamp.swift */ = {isa = PBXFileReference; lastKnownFileType = sourcecode.swift; path = RotationGestureBootcamp.swift; sourceTree = "<group>"; };
		DD4AD57E2AF4192600C3B0AE /* ScrollViewReaderBootcamp.swift */ = {isa = PBXFileReference; lastKnownFileType = sourcecode.swift; path = ScrollViewReaderBootcamp.swift; sourceTree = "<group>"; };
		DD4AD5802AF41EC900C3B0AE /* GeometryReaderBootcamp.swift */ = {isa = PBXFileReference; lastKnownFileType = sourcecode.swift; path = GeometryReaderBootcamp.swift; sourceTree = "<group>"; };
		DD4AD5822AF42E4C00C3B0AE /* MultipleSheetsBootcamp.swift */ = {isa = PBXFileReference; lastKnownFileType = sourcecode.swift; path = MultipleSheetsBootcamp.swift; sourceTree = "<group>"; };
		DD5032452AF63BE800C42474 /* LocalNotificationsBootcamp.swift */ = {isa = PBXFileReference; lastKnownFileType = sourcecode.swift; path = LocalNotificationsBootcamp.swift; sourceTree = "<group>"; };
		DD5032472AF6432700C42474 /* HashableBootcamp.swift */ = {isa = PBXFileReference; lastKnownFileType = sourcecode.swift; path = HashableBootcamp.swift; sourceTree = "<group>"; };
		DD5032492AF64A5E00C42474 /* ArraysBootcamp.swift */ = {isa = PBXFileReference; lastKnownFileType = sourcecode.swift; path = ArraysBootcamp.swift; sourceTree = "<group>"; };
		DD50326A2AF6676A00C42474 /* CoreDataBootcamp.swift */ = {isa = PBXFileReference; lastKnownFileType = sourcecode.swift; path = CoreDataBootcamp.swift; sourceTree = "<group>"; };
		DD50326D2AF6686F00C42474 /* FruitsContainer.xcdatamodel */ = {isa = PBXFileReference; lastKnownFileType = wrapper.xcdatamodel; path = FruitsContainer.xcdatamodel; sourceTree = "<group>"; };
		DD50326F2AF66FC000C42474 /* CoreDataRelationshipsBootcamp.swift */ = {isa = PBXFileReference; lastKnownFileType = sourcecode.swift; path = CoreDataRelationshipsBootcamp.swift; sourceTree = "<group>"; };
		DD5032722AF6710500C42474 /* CoreDataContainer.xcdatamodel */ = {isa = PBXFileReference; lastKnownFileType = wrapper.xcdatamodel; path = CoreDataContainer.xcdatamodel; sourceTree = "<group>"; };
		DD5032742AF7DB5500C42474 /* BackgorundThreadBootcamp.swift */ = {isa = PBXFileReference; lastKnownFileType = sourcecode.swift; path = BackgorundThreadBootcamp.swift; sourceTree = "<group>"; };
		DDC97F122AFAB7D3000215B2 /* EscapingBootcamp.swift */ = {isa = PBXFileReference; lastKnownFileType = sourcecode.swift; path = EscapingBootcamp.swift; sourceTree = "<group>"; };
		DDC97F142AFABE19000215B2 /* CodableBootcamp.swift */ = {isa = PBXFileReference; lastKnownFileType = sourcecode.swift; path = CodableBootcamp.swift; sourceTree = "<group>"; };
/* End PBXFileReference section */

/* Begin PBXFrameworksBuildPhase section */
		DD49904D2AF182CC00EDCDC1 /* Frameworks */ = {
			isa = PBXFrameworksBuildPhase;
			buildActionMask = 2147483647;
			files = (
			);
			runOnlyForDeploymentPostprocessing = 0;
		};
/* End PBXFrameworksBuildPhase section */

/* Begin PBXGroup section */
		DD0E91F72AF57A9600C993C6 /* Sounds */ = {
			isa = PBXGroup;
			children = (
				DD0E91F82AF57AA400C993C6 /* ding.mp3 */,
				DD0E91FA2AF57AAE00C993C6 /* crumple.mp3 */,
			);
			path = Sounds;
			sourceTree = "<group>";
		};
		DD4990472AF182CC00EDCDC1 = {
			isa = PBXGroup;
			children = (
				DD4990522AF182CC00EDCDC1 /* SwiftulThinkingContinuedLearning */,
				DD4990512AF182CC00EDCDC1 /* Products */,
			);
			sourceTree = "<group>";
		};
		DD4990512AF182CC00EDCDC1 /* Products */ = {
			isa = PBXGroup;
			children = (
				DD4990502AF182CC00EDCDC1 /* SwiftulThinkingContinuedLearning.app */,
			);
			name = Products;
			sourceTree = "<group>";
		};
		DD4990522AF182CC00EDCDC1 /* SwiftulThinkingContinuedLearning */ = {
			isa = PBXGroup;
			children = (
				DD4990532AF182CC00EDCDC1 /* SwiftulThinkingContinuedLearningApp.swift */,
				DD4990552AF182CC00EDCDC1 /* ContentView.swift */,
				DD4990612AF182FD00EDCDC1 /* LongPressGestureBootcamp.swift */,
				DD4990632AF187B900EDCDC1 /* MagnificationGestureBootcamp.swift */,
				DD4990652AF18B9100EDCDC1 /* RotationGestureBootcamp.swift */,
				DD3F126B2AF2D5DD00FDA662 /* DragGestureBootcamp.swift */,
				DD3F126D2AF2DADA00FDA662 /* DragGestureBootcamp2.swift */,
				DD4AD57E2AF4192600C3B0AE /* ScrollViewReaderBootcamp.swift */,
				DD4AD5802AF41EC900C3B0AE /* GeometryReaderBootcamp.swift */,
				DD4AD5822AF42E4C00C3B0AE /* MultipleSheetsBootcamp.swift */,
				DD0E91F32AF570CE00C993C6 /* MaskBootcamp.swift */,
				DD0E91F52AF574CE00C993C6 /* SoudsBootcamp.swift */,
				DD0E91FC2AF57ED700C993C6 /* HapticsBootcamp.swift */,
				DD5032452AF63BE800C42474 /* LocalNotificationsBootcamp.swift */,
				DD5032472AF6432700C42474 /* HashableBootcamp.swift */,
				DD5032492AF64A5E00C42474 /* ArraysBootcamp.swift */,
				DD50326A2AF6676A00C42474 /* CoreDataBootcamp.swift */,
				DD50326F2AF66FC000C42474 /* CoreDataRelationshipsBootcamp.swift */,
				DD5032742AF7DB5500C42474 /* BackgorundThreadBootcamp.swift */,
				DD438A252AFAAD0C001A5615 /* WeakSelfBootcamp.swift */,
				DD438A272AFAB520001A5615 /* TypealiasBootcamp.swift */,
				DDC97F122AFAB7D3000215B2 /* EscapingBootcamp.swift */,
				DDC97F142AFABE19000215B2 /* CodableBootcamp.swift */,
				DD481A982B03E7620032D486 /* DownloadWithEscapingBootcamp.swift */,
				DD5032712AF6710500C42474 /* CoreDataContainer.xcdatamodeld */,
				DD50326C2AF6686F00C42474 /* FruitsContainer.xcdatamodeld */,
				DD0E91F72AF57A9600C993C6 /* Sounds */,
				DD4990572AF182CD00EDCDC1 /* Assets.xcassets */,
				DD4990592AF182CD00EDCDC1 /* Preview Content */,
			);
			path = SwiftulThinkingContinuedLearning;
			sourceTree = "<group>";
		};
		DD4990592AF182CD00EDCDC1 /* Preview Content */ = {
			isa = PBXGroup;
			children = (
				DD49905A2AF182CD00EDCDC1 /* Preview Assets.xcassets */,
			);
			path = "Preview Content";
			sourceTree = "<group>";
		};
/* End PBXGroup section */

/* Begin PBXNativeTarget section */
		DD49904F2AF182CC00EDCDC1 /* SwiftulThinkingContinuedLearning */ = {
			isa = PBXNativeTarget;
			buildConfigurationList = DD49905E2AF182CD00EDCDC1 /* Build configuration list for PBXNativeTarget "SwiftulThinkingContinuedLearning" */;
			buildPhases = (
				DD49904C2AF182CC00EDCDC1 /* Sources */,
				DD49904D2AF182CC00EDCDC1 /* Frameworks */,
				DD49904E2AF182CC00EDCDC1 /* Resources */,
			);
			buildRules = (
			);
			dependencies = (
			);
			name = SwiftulThinkingContinuedLearning;
			productName = SwiftulThinkingContinuedLearning;
			productReference = DD4990502AF182CC00EDCDC1 /* SwiftulThinkingContinuedLearning.app */;
			productType = "com.apple.product-type.application";
		};
/* End PBXNativeTarget section */

/* Begin PBXProject section */
		DD4990482AF182CC00EDCDC1 /* Project object */ = {
			isa = PBXProject;
			attributes = {
				BuildIndependentTargetsInParallel = 1;
				LastSwiftUpdateCheck = 1500;
				LastUpgradeCheck = 1500;
				TargetAttributes = {
					DD49904F2AF182CC00EDCDC1 = {
						CreatedOnToolsVersion = 15.0;
					};
				};
			};
			buildConfigurationList = DD49904B2AF182CC00EDCDC1 /* Build configuration list for PBXProject "SwiftulThinkingContinuedLearning" */;
			compatibilityVersion = "Xcode 14.0";
			developmentRegion = en;
			hasScannedForEncodings = 0;
			knownRegions = (
				en,
				Base,
			);
			mainGroup = DD4990472AF182CC00EDCDC1;
			productRefGroup = DD4990512AF182CC00EDCDC1 /* Products */;
			projectDirPath = "";
			projectRoot = "";
			targets = (
				DD49904F2AF182CC00EDCDC1 /* SwiftulThinkingContinuedLearning */,
			);
		};
/* End PBXProject section */

/* Begin PBXResourcesBuildPhase section */
		DD49904E2AF182CC00EDCDC1 /* Resources */ = {
			isa = PBXResourcesBuildPhase;
			buildActionMask = 2147483647;
			files = (
				DD0E91F92AF57AA400C993C6 /* ding.mp3 in Resources */,
				DD0E91FB2AF57AAE00C993C6 /* crumple.mp3 in Resources */,
				DD49905B2AF182CD00EDCDC1 /* Preview Assets.xcassets in Resources */,
				DD4990582AF182CD00EDCDC1 /* Assets.xcassets in Resources */,
			);
			runOnlyForDeploymentPostprocessing = 0;
		};
/* End PBXResourcesBuildPhase section */

/* Begin PBXSourcesBuildPhase section */
		DD49904C2AF182CC00EDCDC1 /* Sources */ = {
			isa = PBXSourcesBuildPhase;
			buildActionMask = 2147483647;
			files = (
				DDC97F132AFAB7D3000215B2 /* EscapingBootcamp.swift in Sources */,
				DD50326E2AF6686F00C42474 /* FruitsContainer.xcdatamodeld in Sources */,
				DD5032482AF6432700C42474 /* HashableBootcamp.swift in Sources */,
				DD3F126E2AF2DADA00FDA662 /* DragGestureBootcamp2.swift in Sources */,
				DD0E91F42AF570CE00C993C6 /* MaskBootcamp.swift in Sources */,
				DD5032752AF7DB5500C42474 /* BackgorundThreadBootcamp.swift in Sources */,
				DD50326B2AF6676A00C42474 /* CoreDataBootcamp.swift in Sources */,
				DD5032462AF63BE800C42474 /* LocalNotificationsBootcamp.swift in Sources */,
				DD3F126C2AF2D5DD00FDA662 /* DragGestureBootcamp.swift in Sources */,
				DD4990562AF182CC00EDCDC1 /* ContentView.swift in Sources */,
				DD5032732AF6710500C42474 /* CoreDataContainer.xcdatamodeld in Sources */,
				DD50324A2AF64A5E00C42474 /* ArraysBootcamp.swift in Sources */,
				DD4AD57F2AF4192600C3B0AE /* ScrollViewReaderBootcamp.swift in Sources */,
				DD4AD5832AF42E4C00C3B0AE /* MultipleSheetsBootcamp.swift in Sources */,
				DD438A282AFAB520001A5615 /* TypealiasBootcamp.swift in Sources */,
				DD4990542AF182CC00EDCDC1 /* SwiftulThinkingContinuedLearningApp.swift in Sources */,
				DD481A992B03E7620032D486 /* DownloadWithEscapingBootcamp.swift in Sources */,
				DDC97F152AFABE19000215B2 /* CodableBootcamp.swift in Sources */,
				DD438A262AFAAD0C001A5615 /* WeakSelfBootcamp.swift in Sources */,
				DD4990662AF18B9100EDCDC1 /* RotationGestureBootcamp.swift in Sources */,
				DD4AD5812AF41EC900C3B0AE /* GeometryReaderBootcamp.swift in Sources */,
				DD0E91F62AF574CE00C993C6 /* SoudsBootcamp.swift in Sources */,
				DD0E91FD2AF57ED700C993C6 /* HapticsBootcamp.swift in Sources */,
				DD5032702AF66FC000C42474 /* CoreDataRelationshipsBootcamp.swift in Sources */,
				DD4990642AF187B900EDCDC1 /* MagnificationGestureBootcamp.swift in Sources */,
				DD4990622AF182FD00EDCDC1 /* LongPressGestureBootcamp.swift in Sources */,
			);
			runOnlyForDeploymentPostprocessing = 0;
		};
/* End PBXSourcesBuildPhase section */

/* Begin XCBuildConfiguration section */
		DD49905C2AF182CD00EDCDC1 /* Debug */ = {
			isa = XCBuildConfiguration;
			buildSettings = {
				ALWAYS_SEARCH_USER_PATHS = NO;
				ASSETCATALOG_COMPILER_GENERATE_SWIFT_ASSET_SYMBOL_EXTENSIONS = YES;
				CLANG_ANALYZER_NONNULL = YES;
				CLANG_ANALYZER_NUMBER_OBJECT_CONVERSION = YES_AGGRESSIVE;
				CLANG_CXX_LANGUAGE_STANDARD = "gnu++20";
				CLANG_ENABLE_MODULES = YES;
				CLANG_ENABLE_OBJC_ARC = YES;
				CLANG_ENABLE_OBJC_WEAK = YES;
				CLANG_WARN_BLOCK_CAPTURE_AUTORELEASING = YES;
				CLANG_WARN_BOOL_CONVERSION = YES;
				CLANG_WARN_COMMA = YES;
				CLANG_WARN_CONSTANT_CONVERSION = YES;
				CLANG_WARN_DEPRECATED_OBJC_IMPLEMENTATIONS = YES;
				CLANG_WARN_DIRECT_OBJC_ISA_USAGE = YES_ERROR;
				CLANG_WARN_DOCUMENTATION_COMMENTS = YES;
				CLANG_WARN_EMPTY_BODY = YES;
				CLANG_WARN_ENUM_CONVERSION = YES;
				CLANG_WARN_INFINITE_RECURSION = YES;
				CLANG_WARN_INT_CONVERSION = YES;
				CLANG_WARN_NON_LITERAL_NULL_CONVERSION = YES;
				CLANG_WARN_OBJC_IMPLICIT_RETAIN_SELF = YES;
				CLANG_WARN_OBJC_LITERAL_CONVERSION = YES;
				CLANG_WARN_OBJC_ROOT_CLASS = YES_ERROR;
				CLANG_WARN_QUOTED_INCLUDE_IN_FRAMEWORK_HEADER = YES;
				CLANG_WARN_RANGE_LOOP_ANALYSIS = YES;
				CLANG_WARN_STRICT_PROTOTYPES = YES;
				CLANG_WARN_SUSPICIOUS_MOVE = YES;
				CLANG_WARN_UNGUARDED_AVAILABILITY = YES_AGGRESSIVE;
				CLANG_WARN_UNREACHABLE_CODE = YES;
				CLANG_WARN__DUPLICATE_METHOD_MATCH = YES;
				COPY_PHASE_STRIP = NO;
				DEBUG_INFORMATION_FORMAT = dwarf;
				ENABLE_STRICT_OBJC_MSGSEND = YES;
				ENABLE_TESTABILITY = YES;
				ENABLE_USER_SCRIPT_SANDBOXING = YES;
				GCC_C_LANGUAGE_STANDARD = gnu17;
				GCC_DYNAMIC_NO_PIC = NO;
				GCC_NO_COMMON_BLOCKS = YES;
				GCC_OPTIMIZATION_LEVEL = 0;
				GCC_PREPROCESSOR_DEFINITIONS = (
					"DEBUG=1",
					"$(inherited)",
				);
				GCC_WARN_64_TO_32_BIT_CONVERSION = YES;
				GCC_WARN_ABOUT_RETURN_TYPE = YES_ERROR;
				GCC_WARN_UNDECLARED_SELECTOR = YES;
				GCC_WARN_UNINITIALIZED_AUTOS = YES_AGGRESSIVE;
				GCC_WARN_UNUSED_FUNCTION = YES;
				GCC_WARN_UNUSED_VARIABLE = YES;
				IPHONEOS_DEPLOYMENT_TARGET = 16.0;
				LOCALIZATION_PREFERS_STRING_CATALOGS = YES;
				MTL_ENABLE_DEBUG_INFO = INCLUDE_SOURCE;
				MTL_FAST_MATH = YES;
				ONLY_ACTIVE_ARCH = YES;
				SDKROOT = iphoneos;
				SWIFT_ACTIVE_COMPILATION_CONDITIONS = "DEBUG $(inherited)";
				SWIFT_OPTIMIZATION_LEVEL = "-Onone";
			};
			name = Debug;
		};
		DD49905D2AF182CD00EDCDC1 /* Release */ = {
			isa = XCBuildConfiguration;
			buildSettings = {
				ALWAYS_SEARCH_USER_PATHS = NO;
				ASSETCATALOG_COMPILER_GENERATE_SWIFT_ASSET_SYMBOL_EXTENSIONS = YES;
				CLANG_ANALYZER_NONNULL = YES;
				CLANG_ANALYZER_NUMBER_OBJECT_CONVERSION = YES_AGGRESSIVE;
				CLANG_CXX_LANGUAGE_STANDARD = "gnu++20";
				CLANG_ENABLE_MODULES = YES;
				CLANG_ENABLE_OBJC_ARC = YES;
				CLANG_ENABLE_OBJC_WEAK = YES;
				CLANG_WARN_BLOCK_CAPTURE_AUTORELEASING = YES;
				CLANG_WARN_BOOL_CONVERSION = YES;
				CLANG_WARN_COMMA = YES;
				CLANG_WARN_CONSTANT_CONVERSION = YES;
				CLANG_WARN_DEPRECATED_OBJC_IMPLEMENTATIONS = YES;
				CLANG_WARN_DIRECT_OBJC_ISA_USAGE = YES_ERROR;
				CLANG_WARN_DOCUMENTATION_COMMENTS = YES;
				CLANG_WARN_EMPTY_BODY = YES;
				CLANG_WARN_ENUM_CONVERSION = YES;
				CLANG_WARN_INFINITE_RECURSION = YES;
				CLANG_WARN_INT_CONVERSION = YES;
				CLANG_WARN_NON_LITERAL_NULL_CONVERSION = YES;
				CLANG_WARN_OBJC_IMPLICIT_RETAIN_SELF = YES;
				CLANG_WARN_OBJC_LITERAL_CONVERSION = YES;
				CLANG_WARN_OBJC_ROOT_CLASS = YES_ERROR;
				CLANG_WARN_QUOTED_INCLUDE_IN_FRAMEWORK_HEADER = YES;
				CLANG_WARN_RANGE_LOOP_ANALYSIS = YES;
				CLANG_WARN_STRICT_PROTOTYPES = YES;
				CLANG_WARN_SUSPICIOUS_MOVE = YES;
				CLANG_WARN_UNGUARDED_AVAILABILITY = YES_AGGRESSIVE;
				CLANG_WARN_UNREACHABLE_CODE = YES;
				CLANG_WARN__DUPLICATE_METHOD_MATCH = YES;
				COPY_PHASE_STRIP = NO;
				DEBUG_INFORMATION_FORMAT = "dwarf-with-dsym";
				ENABLE_NS_ASSERTIONS = NO;
				ENABLE_STRICT_OBJC_MSGSEND = YES;
				ENABLE_USER_SCRIPT_SANDBOXING = YES;
				GCC_C_LANGUAGE_STANDARD = gnu17;
				GCC_NO_COMMON_BLOCKS = YES;
				GCC_WARN_64_TO_32_BIT_CONVERSION = YES;
				GCC_WARN_ABOUT_RETURN_TYPE = YES_ERROR;
				GCC_WARN_UNDECLARED_SELECTOR = YES;
				GCC_WARN_UNINITIALIZED_AUTOS = YES_AGGRESSIVE;
				GCC_WARN_UNUSED_FUNCTION = YES;
				GCC_WARN_UNUSED_VARIABLE = YES;
				IPHONEOS_DEPLOYMENT_TARGET = 16.0;
				LOCALIZATION_PREFERS_STRING_CATALOGS = YES;
				MTL_ENABLE_DEBUG_INFO = NO;
				MTL_FAST_MATH = YES;
				SDKROOT = iphoneos;
				SWIFT_COMPILATION_MODE = wholemodule;
				VALIDATE_PRODUCT = YES;
			};
			name = Release;
		};
		DD49905F2AF182CD00EDCDC1 /* Debug */ = {
			isa = XCBuildConfiguration;
			buildSettings = {
				ASSETCATALOG_COMPILER_APPICON_NAME = AppIcon;
				ASSETCATALOG_COMPILER_GLOBAL_ACCENT_COLOR_NAME = AccentColor;
				CODE_SIGN_STYLE = Automatic;
				CURRENT_PROJECT_VERSION = 1;
				DEVELOPMENT_ASSET_PATHS = "\"SwiftulThinkingContinuedLearning/Preview Content\"";
				DEVELOPMENT_TEAM = W49998LVKV;
				ENABLE_PREVIEWS = YES;
				GENERATE_INFOPLIST_FILE = YES;
				INFOPLIST_KEY_UIApplicationSceneManifest_Generation = YES;
				INFOPLIST_KEY_UIApplicationSupportsIndirectInputEvents = YES;
				INFOPLIST_KEY_UILaunchScreen_Generation = YES;
				INFOPLIST_KEY_UISupportedInterfaceOrientations_iPad = "UIInterfaceOrientationPortrait UIInterfaceOrientationPortraitUpsideDown UIInterfaceOrientationLandscapeLeft UIInterfaceOrientationLandscapeRight";
				INFOPLIST_KEY_UISupportedInterfaceOrientations_iPhone = "UIInterfaceOrientationPortrait UIInterfaceOrientationLandscapeLeft UIInterfaceOrientationLandscapeRight";
				IPHONEOS_DEPLOYMENT_TARGET = 16.0;
				LD_RUNPATH_SEARCH_PATHS = (
					"$(inherited)",
					"@executable_path/Frameworks",
				);
				MARKETING_VERSION = 1.0;
				PRODUCT_BUNDLE_IDENTIFIER = com.olegplugaru.SwiftulThinkingContinuedLearning;
				PRODUCT_NAME = "$(TARGET_NAME)";
				SWIFT_EMIT_LOC_STRINGS = YES;
				SWIFT_VERSION = 5.0;
				TARGETED_DEVICE_FAMILY = "1,2";
			};
			name = Debug;
		};
		DD4990602AF182CD00EDCDC1 /* Release */ = {
			isa = XCBuildConfiguration;
			buildSettings = {
				ASSETCATALOG_COMPILER_APPICON_NAME = AppIcon;
				ASSETCATALOG_COMPILER_GLOBAL_ACCENT_COLOR_NAME = AccentColor;
				CODE_SIGN_STYLE = Automatic;
				CURRENT_PROJECT_VERSION = 1;
				DEVELOPMENT_ASSET_PATHS = "\"SwiftulThinkingContinuedLearning/Preview Content\"";
				DEVELOPMENT_TEAM = W49998LVKV;
				ENABLE_PREVIEWS = YES;
				GENERATE_INFOPLIST_FILE = YES;
				INFOPLIST_KEY_UIApplicationSceneManifest_Generation = YES;
				INFOPLIST_KEY_UIApplicationSupportsIndirectInputEvents = YES;
				INFOPLIST_KEY_UILaunchScreen_Generation = YES;
				INFOPLIST_KEY_UISupportedInterfaceOrientations_iPad = "UIInterfaceOrientationPortrait UIInterfaceOrientationPortraitUpsideDown UIInterfaceOrientationLandscapeLeft UIInterfaceOrientationLandscapeRight";
				INFOPLIST_KEY_UISupportedInterfaceOrientations_iPhone = "UIInterfaceOrientationPortrait UIInterfaceOrientationLandscapeLeft UIInterfaceOrientationLandscapeRight";
				IPHONEOS_DEPLOYMENT_TARGET = 16.0;
				LD_RUNPATH_SEARCH_PATHS = (
					"$(inherited)",
					"@executable_path/Frameworks",
				);
				MARKETING_VERSION = 1.0;
				PRODUCT_BUNDLE_IDENTIFIER = com.olegplugaru.SwiftulThinkingContinuedLearning;
				PRODUCT_NAME = "$(TARGET_NAME)";
				SWIFT_EMIT_LOC_STRINGS = YES;
				SWIFT_VERSION = 5.0;
				TARGETED_DEVICE_FAMILY = "1,2";
			};
			name = Release;
		};
/* End XCBuildConfiguration section */

/* Begin XCConfigurationList section */
		DD49904B2AF182CC00EDCDC1 /* Build configuration list for PBXProject "SwiftulThinkingContinuedLearning" */ = {
			isa = XCConfigurationList;
			buildConfigurations = (
				DD49905C2AF182CD00EDCDC1 /* Debug */,
				DD49905D2AF182CD00EDCDC1 /* Release */,
			);
			defaultConfigurationIsVisible = 0;
			defaultConfigurationName = Release;
		};
		DD49905E2AF182CD00EDCDC1 /* Build configuration list for PBXNativeTarget "SwiftulThinkingContinuedLearning" */ = {
			isa = XCConfigurationList;
			buildConfigurations = (
				DD49905F2AF182CD00EDCDC1 /* Debug */,
				DD4990602AF182CD00EDCDC1 /* Release */,
			);
			defaultConfigurationIsVisible = 0;
			defaultConfigurationName = Release;
		};
/* End XCConfigurationList section */

/* Begin XCVersionGroup section */
		DD50326C2AF6686F00C42474 /* FruitsContainer.xcdatamodeld */ = {
			isa = XCVersionGroup;
			children = (
				DD50326D2AF6686F00C42474 /* FruitsContainer.xcdatamodel */,
			);
			currentVersion = DD50326D2AF6686F00C42474 /* FruitsContainer.xcdatamodel */;
			path = FruitsContainer.xcdatamodeld;
			sourceTree = "<group>";
			versionGroupType = wrapper.xcdatamodel;
		};
		DD5032712AF6710500C42474 /* CoreDataContainer.xcdatamodeld */ = {
			isa = XCVersionGroup;
			children = (
				DD5032722AF6710500C42474 /* CoreDataContainer.xcdatamodel */,
			);
			currentVersion = DD5032722AF6710500C42474 /* CoreDataContainer.xcdatamodel */;
			path = CoreDataContainer.xcdatamodeld;
			sourceTree = "<group>";
			versionGroupType = wrapper.xcdatamodel;
		};
/* End XCVersionGroup section */
	};
	rootObject = DD4990482AF182CC00EDCDC1 /* Project object */;
}
